
Microsoft Visual Studio Solution File, Format Version 12.00
# Visual Studio 15
VisualStudioVersion = 15.0.27130.2010
MinimumVisualStudioVersion = 10.0.40219.1
Project("{FAE04EC0-301F-11D3-BF4B-00C04F79EFBC}") = "scoreboardManager", "scoreboardManager\scoreboardManager.csproj", "{EF4767D3-7730-40C9-96CD-4FCF99B53FBD}"
EndProject
Global
	GlobalSection(SolutionConfigurationPlatforms) = preSolution
		Debug|Any CPU = Debug|Any CPU
		Release|Any CPU = Release|Any CPU
	EndGlobalSection
	GlobalSection(ProjectConfigurationPlatforms) = postSolution
		{EF4767D3-7730-40C9-96CD-4FCF99B53FBD}.Debug|Any CPU.ActiveCfg = Debug|Any CPU
		{EF4767D3-7730-40C9-96CD-4FCF99B53FBD}.Debug|Any CPU.Build.0 = Debug|Any CPU
		{EF4767D3-7730-40C9-96CD-4FCF99B53FBD}.Release|Any CPU.ActiveCfg = Release|Any CPU
		{EF4767D3-7730-40C9-96CD-4FCF99B53FBD}.Release|Any CPU.Build.0 = Release|Any CPU
	EndGlobalSection
	GlobalSection(SolutionProperties) = preSolution
		HideSolutionNode = FALSE
	EndGlobalSection
	GlobalSection(ExtensibilityGlobals) = postSolution
		SolutionGuid = {91A730B0-8B63-46E4-B86D-A3BD93A93F8B}
	EndGlobalSection
EndGlobal
